
Microsoft Visual Studio Solution File, Format Version 11.00
# Visual Studio 2010
Project("{2150E333-8FDC-42A3-9474-1A3956D46DE8}") = "Solution Items", "Solution Items", "{FFB3D525-15E3-4A46-AE18-FC1234807203}"
	ProjectSection(SolutionItems) = preProject
		Build Debug.cmd = Build Debug.cmd
		Build Release.cmd = Build Release.cmd
		build.proj = build.proj
		Package Installer.cmd = Package Installer.cmd
		README.txt = README.txt
	EndProjectSection
EndProject
Project("{FAE04EC0-301F-11D3-BF4B-00C04F79EFBC}") = "ClassLibrary", "ClassLibrary\ClassLibrary.csproj", "{3921F293-C157-4285-9E1C-AC8DC7388379}"
EndProject
Project("{FAE04EC0-301F-11D3-BF4B-00C04F79EFBC}") = "ConsoleApplication", "ConsoleApplication\ConsoleApplication.csproj", "{3039689D-AF88-4126-B0AA-C03AEB86919A}"
EndProject
Project("{54435603-DBB4-11D2-8724-00A0C9A8B90C}") = "Setup", "Setup\Setup.vdproj", "{33A405A2-D843-415B-B109-4DAC9088899A}"
EndProject
Project("{FAE04EC0-301F-11D3-BF4B-00C04F79EFBC}") = "WindowsApplication", "WindowsApplication\WindowsApplication.csproj", "{FBF3E654-23D4-411A-B8DC-C1527AE54D06}"
EndProject
Global
	GlobalSection(SolutionConfigurationPlatforms) = preSolution
		Debug|Any CPU = Debug|Any CPU
		Release|Any CPU = Release|Any CPU
	EndGlobalSection
	GlobalSection(ProjectConfigurationPlatforms) = postSolution
		{3921F293-C157-4285-9E1C-AC8DC7388379}.Debug|Any CPU.ActiveCfg = Debug|Any CPU
		{3921F293-C157-4285-9E1C-AC8DC7388379}.Debug|Any CPU.Build.0 = Debug|Any CPU
		{3921F293-C157-4285-9E1C-AC8DC7388379}.Release|Any CPU.ActiveCfg = Release|Any CPU
		{3921F293-C157-4285-9E1C-AC8DC7388379}.Release|Any CPU.Build.0 = Release|Any CPU
		{3039689D-AF88-4126-B0AA-C03AEB86919A}.Debug|Any CPU.ActiveCfg = Debug|Any CPU
		{3039689D-AF88-4126-B0AA-C03AEB86919A}.Debug|Any CPU.Build.0 = Debug|Any CPU
		{3039689D-AF88-4126-B0AA-C03AEB86919A}.Release|Any CPU.ActiveCfg = Release|Any CPU
		{33A405A2-D843-415B-B109-4DAC9088899A}.Debug|Any CPU.ActiveCfg = Debug
		{33A405A2-D843-415B-B109-4DAC9088899A}.Release|Any CPU.ActiveCfg = Release
		{33A405A2-D843-415B-B109-4DAC9088899A}.Release|Any CPU.Build.0 = Release
		{FBF3E654-23D4-411A-B8DC-C1527AE54D06}.Debug|Any CPU.ActiveCfg = Debug|Any CPU
		{FBF3E654-23D4-411A-B8DC-C1527AE54D06}.Debug|Any CPU.Build.0 = Debug|Any CPU
		{FBF3E654-23D4-411A-B8DC-C1527AE54D06}.Release|Any CPU.ActiveCfg = Release|Any CPU
		{FBF3E654-23D4-411A-B8DC-C1527AE54D06}.Release|Any CPU.Build.0 = Release|Any CPU
	EndGlobalSection
	GlobalSection(SolutionProperties) = preSolution
		HideSolutionNode = FALSE
	EndGlobalSection
EndGlobal
